// !$*UTF8*$!
{
	archiveVersion = 1;
	classes = {
	};
	objectVersion = 56;
	objects = {

/* Begin PBXBuildFile section */
		E0ADA7212975BD3C0084DD24 /* PaintTheRosesApp.swift in Sources */ = {isa = PBXBuildFile; fileRef = E0ADA7202975BD3C0084DD24 /* PaintTheRosesApp.swift */; };
		E0ADA7232975BD3C0084DD24 /* ContentView.swift in Sources */ = {isa = PBXBuildFile; fileRef = E0ADA7222975BD3C0084DD24 /* ContentView.swift */; };
		E0ADA7252975BD3C0084DD24 /* Assets.xcassets in Resources */ = {isa = PBXBuildFile; fileRef = E0ADA7242975BD3C0084DD24 /* Assets.xcassets */; };
		E0ADA7282975BD3C0084DD24 /* Preview Assets.xcassets in Resources */ = {isa = PBXBuildFile; fileRef = E0ADA7272975BD3C0084DD24 /* Preview Assets.xcassets */; };
		E0ADA7302975C3270084DD24 /* GameModel.swift in Sources */ = {isa = PBXBuildFile; fileRef = E0ADA72F2975C3270084DD24 /* GameModel.swift */; };
		E0ADA7352975C5450084DD24 /* Service.swift in Sources */ = {isa = PBXBuildFile; fileRef = E0ADA7342975C5450084DD24 /* Service.swift */; };
		E0ADA7382975C5C70084DD24 /* Constants.swift in Sources */ = {isa = PBXBuildFile; fileRef = E0ADA7372975C5C70084DD24 /* Constants.swift */; };
		E0ADA73A2975CD990084DD24 /* HomeViewModel.swift in Sources */ = {isa = PBXBuildFile; fileRef = E0ADA7392975CD990084DD24 /* HomeViewModel.swift */; };
		E0ADA73C2975D3240084DD24 /* PlayerModel.swift in Sources */ = {isa = PBXBuildFile; fileRef = E0ADA73B2975D3240084DD24 /* PlayerModel.swift */; };
		E0D453282979925F0011F1D1 /* GridView.swift in Sources */ = {isa = PBXBuildFile; fileRef = E0D453272979925F0011F1D1 /* GridView.swift */; };
		E0D4532A2979961E0011F1D1 /* TileStatesView.swift in Sources */ = {isa = PBXBuildFile; fileRef = E0D453292979961E0011F1D1 /* TileStatesView.swift */; };
		E0D4532C29799FBD0011F1D1 /* TileStatesViewModel.swift in Sources */ = {isa = PBXBuildFile; fileRef = E0D4532B29799FBD0011F1D1 /* TileStatesViewModel.swift */; };
		E0D4532E2979A3E50011F1D1 /* GridViewModel.swift in Sources */ = {isa = PBXBuildFile; fileRef = E0D4532D2979A3E50011F1D1 /* GridViewModel.swift */; };
		E0E76FBC2976E7EC00BF571A /* PlayerView.swift in Sources */ = {isa = PBXBuildFile; fileRef = E0E76FBB2976E7EC00BF571A /* PlayerView.swift */; };
		E0E76FBE2976E80100BF571A /* PlayerViewModel.swift in Sources */ = {isa = PBXBuildFile; fileRef = E0E76FBD2976E80100BF571A /* PlayerViewModel.swift */; };
		E0F1662D298195EE00E87F8B /* GridTileView.swift in Sources */ = {isa = PBXBuildFile; fileRef = E0F1662C298195EE00E87F8B /* GridTileView.swift */; };
		E0F1662F2981962600E87F8B /* ImageTileView.swift in Sources */ = {isa = PBXBuildFile; fileRef = E0F1662E2981962600E87F8B /* ImageTileView.swift */; };
		E0F166322981AEED00E87F8B /* MockViewModel.swift in Sources */ = {isa = PBXBuildFile; fileRef = E0F166312981AEED00E87F8B /* MockViewModel.swift */; };
/* End PBXBuildFile section */

/* Begin PBXFileReference section */
		E0ADA71D2975BD3C0084DD24 /* PaintTheRoses.app */ = {isa = PBXFileReference; explicitFileType = wrapper.application; includeInIndex = 0; path = PaintTheRoses.app; sourceTree = BUILT_PRODUCTS_DIR; };
		E0ADA7202975BD3C0084DD24 /* PaintTheRosesApp.swift */ = {isa = PBXFileReference; lastKnownFileType = sourcecode.swift; path = PaintTheRosesApp.swift; sourceTree = "<group>"; };
		E0ADA7222975BD3C0084DD24 /* ContentView.swift */ = {isa = PBXFileReference; lastKnownFileType = sourcecode.swift; path = ContentView.swift; sourceTree = "<group>"; };
		E0ADA7242975BD3C0084DD24 /* Assets.xcassets */ = {isa = PBXFileReference; lastKnownFileType = folder.assetcatalog; path = Assets.xcassets; sourceTree = "<group>"; };
		E0ADA7272975BD3C0084DD24 /* Preview Assets.xcassets */ = {isa = PBXFileReference; lastKnownFileType = folder.assetcatalog; path = "Preview Assets.xcassets"; sourceTree = "<group>"; };
		E0ADA72F2975C3270084DD24 /* GameModel.swift */ = {isa = PBXFileReference; lastKnownFileType = sourcecode.swift; path = GameModel.swift; sourceTree = "<group>"; };
		E0ADA7342975C5450084DD24 /* Service.swift */ = {isa = PBXFileReference; lastKnownFileType = sourcecode.swift; path = Service.swift; sourceTree = "<group>"; };
		E0ADA7372975C5C70084DD24 /* Constants.swift */ = {isa = PBXFileReference; lastKnownFileType = sourcecode.swift; path = Constants.swift; sourceTree = "<group>"; };
		E0ADA7392975CD990084DD24 /* HomeViewModel.swift */ = {isa = PBXFileReference; lastKnownFileType = sourcecode.swift; path = HomeViewModel.swift; sourceTree = "<group>"; };
		E0ADA73B2975D3240084DD24 /* PlayerModel.swift */ = {isa = PBXFileReference; lastKnownFileType = sourcecode.swift; path = PlayerModel.swift; sourceTree = "<group>"; };
		E0D453272979925F0011F1D1 /* GridView.swift */ = {isa = PBXFileReference; lastKnownFileType = sourcecode.swift; path = GridView.swift; sourceTree = "<group>"; };
		E0D453292979961E0011F1D1 /* TileStatesView.swift */ = {isa = PBXFileReference; lastKnownFileType = sourcecode.swift; path = TileStatesView.swift; sourceTree = "<group>"; };
		E0D4532B29799FBD0011F1D1 /* TileStatesViewModel.swift */ = {isa = PBXFileReference; lastKnownFileType = sourcecode.swift; path = TileStatesViewModel.swift; sourceTree = "<group>"; };
		E0D4532D2979A3E50011F1D1 /* GridViewModel.swift */ = {isa = PBXFileReference; lastKnownFileType = sourcecode.swift; path = GridViewModel.swift; sourceTree = "<group>"; };
		E0E76FBB2976E7EC00BF571A /* PlayerView.swift */ = {isa = PBXFileReference; lastKnownFileType = sourcecode.swift; path = PlayerView.swift; sourceTree = "<group>"; };
		E0E76FBD2976E80100BF571A /* PlayerViewModel.swift */ = {isa = PBXFileReference; lastKnownFileType = sourcecode.swift; path = PlayerViewModel.swift; sourceTree = "<group>"; };
		E0F1662C298195EE00E87F8B /* GridTileView.swift */ = {isa = PBXFileReference; lastKnownFileType = sourcecode.swift; path = GridTileView.swift; sourceTree = "<group>"; };
		E0F1662E2981962600E87F8B /* ImageTileView.swift */ = {isa = PBXFileReference; lastKnownFileType = sourcecode.swift; path = ImageTileView.swift; sourceTree = "<group>"; };
		E0F166312981AEED00E87F8B /* MockViewModel.swift */ = {isa = PBXFileReference; lastKnownFileType = sourcecode.swift; path = MockViewModel.swift; sourceTree = "<group>"; };
/* End PBXFileReference section */

/* Begin PBXFrameworksBuildPhase section */
		E0ADA71A2975BD3C0084DD24 /* Frameworks */ = {
			isa = PBXFrameworksBuildPhase;
			buildActionMask = 2147483647;
			files = (
			);
			runOnlyForDeploymentPostprocessing = 0;
		};
/* End PBXFrameworksBuildPhase section */

/* Begin PBXGroup section */
		E0ADA7142975BD3C0084DD24 = {
			isa = PBXGroup;
			children = (
				E0F166302981AEBF00E87F8B /* PaintTheRosesTests */,
				E0ADA71F2975BD3C0084DD24 /* PaintTheRoses */,
				E0ADA71E2975BD3C0084DD24 /* Products */,
			);
			sourceTree = "<group>";
		};
		E0ADA71E2975BD3C0084DD24 /* Products */ = {
			isa = PBXGroup;
			children = (
				E0ADA71D2975BD3C0084DD24 /* PaintTheRoses.app */,
			);
			name = Products;
			sourceTree = "<group>";
		};
		E0ADA71F2975BD3C0084DD24 /* PaintTheRoses */ = {
			isa = PBXGroup;
			children = (
				E0D453302979A54F0011F1D1 /* TileStatesModule */,
				E0D4532F2979A5430011F1D1 /* GridModule */,
				E0E76FBA2976E7CE00BF571A /* PlayerModule */,
				E0ADA7362975C5B80084DD24 /* Utils */,
				E0ADA7332975C5300084DD24 /* Services */,
				E0ADA7322975C4F80084DD24 /* HomeModule */,
				E0ADA72E2975C2FC0084DD24 /* Models */,
				E0ADA7202975BD3C0084DD24 /* PaintTheRosesApp.swift */,
				E0ADA7242975BD3C0084DD24 /* Assets.xcassets */,
				E0ADA7262975BD3C0084DD24 /* Preview Content */,
			);
			path = PaintTheRoses;
			sourceTree = "<group>";
		};
		E0ADA7262975BD3C0084DD24 /* Preview Content */ = {
			isa = PBXGroup;
			children = (
				E0ADA7272975BD3C0084DD24 /* Preview Assets.xcassets */,
			);
			path = "Preview Content";
			sourceTree = "<group>";
		};
		E0ADA72E2975C2FC0084DD24 /* Models */ = {
			isa = PBXGroup;
			children = (
				E0ADA72F2975C3270084DD24 /* GameModel.swift */,
				E0ADA73B2975D3240084DD24 /* PlayerModel.swift */,
			);
			path = Models;
			sourceTree = "<group>";
		};
		E0ADA7322975C4F80084DD24 /* HomeModule */ = {
			isa = PBXGroup;
			children = (
				E0ADA7222975BD3C0084DD24 /* ContentView.swift */,
				E0ADA7392975CD990084DD24 /* HomeViewModel.swift */,
			);
			path = HomeModule;
			sourceTree = "<group>";
		};
		E0ADA7332975C5300084DD24 /* Services */ = {
			isa = PBXGroup;
			children = (
				E0ADA7342975C5450084DD24 /* Service.swift */,
			);
			path = Services;
			sourceTree = "<group>";
		};
		E0ADA7362975C5B80084DD24 /* Utils */ = {
			isa = PBXGroup;
			children = (
				E0ADA7372975C5C70084DD24 /* Constants.swift */,
			);
			path = Utils;
			sourceTree = "<group>";
		};
		E0D4532F2979A5430011F1D1 /* GridModule */ = {
			isa = PBXGroup;
			children = (
				E0D4532D2979A3E50011F1D1 /* GridViewModel.swift */,
				E0D453272979925F0011F1D1 /* GridView.swift */,
				E0F1662C298195EE00E87F8B /* GridTileView.swift */,
				E0F1662E2981962600E87F8B /* ImageTileView.swift */,
			);
			path = GridModule;
			sourceTree = "<group>";
		};
		E0D453302979A54F0011F1D1 /* TileStatesModule */ = {
			isa = PBXGroup;
			children = (
				E0D453292979961E0011F1D1 /* TileStatesView.swift */,
				E0D4532B29799FBD0011F1D1 /* TileStatesViewModel.swift */,
			);
			path = TileStatesModule;
			sourceTree = "<group>";
		};
		E0E76FBA2976E7CE00BF571A /* PlayerModule */ = {
			isa = PBXGroup;
			children = (
				E0E76FBB2976E7EC00BF571A /* PlayerView.swift */,
				E0E76FBD2976E80100BF571A /* PlayerViewModel.swift */,
			);
			path = PlayerModule;
			sourceTree = "<group>";
		};
		E0F166302981AEBF00E87F8B /* PaintTheRosesTests */ = {
			isa = PBXGroup;
			children = (
				E0F166312981AEED00E87F8B /* MockViewModel.swift */,
			);
			path = PaintTheRosesTests;
			sourceTree = "<group>";
		};
/* End PBXGroup section */

/* Begin PBXNativeTarget section */
		E0ADA71C2975BD3C0084DD24 /* PaintTheRoses */ = {
			isa = PBXNativeTarget;
			buildConfigurationList = E0ADA72B2975BD3C0084DD24 /* Build configuration list for PBXNativeTarget "PaintTheRoses" */;
			buildPhases = (
				E0ADA7192975BD3C0084DD24 /* Sources */,
				E0ADA71A2975BD3C0084DD24 /* Frameworks */,
				E0ADA71B2975BD3C0084DD24 /* Resources */,
			);
			buildRules = (
			);
			dependencies = (
			);
			name = PaintTheRoses;
			productName = PaintTheRoses;
			productReference = E0ADA71D2975BD3C0084DD24 /* PaintTheRoses.app */;
			productType = "com.apple.product-type.application";
		};
/* End PBXNativeTarget section */

/* Begin PBXProject section */
		E0ADA7152975BD3C0084DD24 /* Project object */ = {
			isa = PBXProject;
			attributes = {
				BuildIndependentTargetsInParallel = 1;
				LastSwiftUpdateCheck = 1410;
				LastUpgradeCheck = 1410;
				TargetAttributes = {
					E0ADA71C2975BD3C0084DD24 = {
						CreatedOnToolsVersion = 14.1;
					};
				};
			};
			buildConfigurationList = E0ADA7182975BD3C0084DD24 /* Build configuration list for PBXProject "PaintTheRoses" */;
			compatibilityVersion = "Xcode 14.0";
			developmentRegion = en;
			hasScannedForEncodings = 0;
			knownRegions = (
				en,
				Base,
			);
			mainGroup = E0ADA7142975BD3C0084DD24;
			productRefGroup = E0ADA71E2975BD3C0084DD24 /* Products */;
			projectDirPath = "";
			projectRoot = "";
			targets = (
				E0ADA71C2975BD3C0084DD24 /* PaintTheRoses */,
			);
		};
/* End PBXProject section */

/* Begin PBXResourcesBuildPhase section */
		E0ADA71B2975BD3C0084DD24 /* Resources */ = {
			isa = PBXResourcesBuildPhase;
			buildActionMask = 2147483647;
			files = (
				E0ADA7282975BD3C0084DD24 /* Preview Assets.xcassets in Resources */,
				E0ADA7252975BD3C0084DD24 /* Assets.xcassets in Resources */,
			);
			runOnlyForDeploymentPostprocessing = 0;
		};
/* End PBXResourcesBuildPhase section */

/* Begin PBXSourcesBuildPhase section */
		E0ADA7192975BD3C0084DD24 /* Sources */ = {
			isa = PBXSourcesBuildPhase;
			buildActionMask = 2147483647;
			files = (
				E0F1662F2981962600E87F8B /* ImageTileView.swift in Sources */,
				E0D4532A2979961E0011F1D1 /* TileStatesView.swift in Sources */,
				E0E76FBE2976E80100BF571A /* PlayerViewModel.swift in Sources */,
				E0D4532C29799FBD0011F1D1 /* TileStatesViewModel.swift in Sources */,
				E0ADA7382975C5C70084DD24 /* Constants.swift in Sources */,
				E0ADA73A2975CD990084DD24 /* HomeViewModel.swift in Sources */,
				E0ADA7232975BD3C0084DD24 /* ContentView.swift in Sources */,
				E0E76FBC2976E7EC00BF571A /* PlayerView.swift in Sources */,
				E0D4532E2979A3E50011F1D1 /* GridViewModel.swift in Sources */,
				E0F1662D298195EE00E87F8B /* GridTileView.swift in Sources */,
				E0ADA7352975C5450084DD24 /* Service.swift in Sources */,
				E0ADA7302975C3270084DD24 /* GameModel.swift in Sources */,
				E0ADA7212975BD3C0084DD24 /* PaintTheRosesApp.swift in Sources */,
				E0D453282979925F0011F1D1 /* GridView.swift in Sources */,
				E0F166322981AEED00E87F8B /* MockViewModel.swift in Sources */,
				E0ADA73C2975D3240084DD24 /* PlayerModel.swift in Sources */,
			);
			runOnlyForDeploymentPostprocessing = 0;
		};
/* End PBXSourcesBuildPhase section */

/* Begin XCBuildConfiguration section */
		E0ADA7292975BD3C0084DD24 /* Debug */ = {
			isa = XCBuildConfiguration;
			buildSettings = {
				ALWAYS_SEARCH_USER_PATHS = NO;
				CLANG_ANALYZER_NONNULL = YES;
				CLANG_ANALYZER_NUMBER_OBJECT_CONVERSION = YES_AGGRESSIVE;
				CLANG_CXX_LANGUAGE_STANDARD = "gnu++20";
				CLANG_ENABLE_MODULES = YES;
				CLANG_ENABLE_OBJC_ARC = YES;
				CLANG_ENABLE_OBJC_WEAK = YES;
				CLANG_WARN_BLOCK_CAPTURE_AUTORELEASING = YES;
				CLANG_WARN_BOOL_CONVERSION = YES;
				CLANG_WARN_COMMA = YES;
				CLANG_WARN_CONSTANT_CONVERSION = YES;
				CLANG_WARN_DEPRECATED_OBJC_IMPLEMENTATIONS = YES;
				CLANG_WARN_DIRECT_OBJC_ISA_USAGE = YES_ERROR;
				CLANG_WARN_DOCUMENTATION_COMMENTS = YES;
				CLANG_WARN_EMPTY_BODY = YES;
				CLANG_WARN_ENUM_CONVERSION = YES;
				CLANG_WARN_INFINITE_RECURSION = YES;
				CLANG_WARN_INT_CONVERSION = YES;
				CLANG_WARN_NON_LITERAL_NULL_CONVERSION = YES;
				CLANG_WARN_OBJC_IMPLICIT_RETAIN_SELF = YES;
				CLANG_WARN_OBJC_LITERAL_CONVERSION = YES;
				CLANG_WARN_OBJC_ROOT_CLASS = YES_ERROR;
				CLANG_WARN_QUOTED_INCLUDE_IN_FRAMEWORK_HEADER = YES;
				CLANG_WARN_RANGE_LOOP_ANALYSIS = YES;
				CLANG_WARN_STRICT_PROTOTYPES = YES;
				CLANG_WARN_SUSPICIOUS_MOVE = YES;
				CLANG_WARN_UNGUARDED_AVAILABILITY = YES_AGGRESSIVE;
				CLANG_WARN_UNREACHABLE_CODE = YES;
				CLANG_WARN__DUPLICATE_METHOD_MATCH = YES;
				COPY_PHASE_STRIP = NO;
				DEBUG_INFORMATION_FORMAT = dwarf;
				ENABLE_STRICT_OBJC_MSGSEND = YES;
				ENABLE_TESTABILITY = YES;
				GCC_C_LANGUAGE_STANDARD = gnu11;
				GCC_DYNAMIC_NO_PIC = NO;
				GCC_NO_COMMON_BLOCKS = YES;
				GCC_OPTIMIZATION_LEVEL = 0;
				GCC_PREPROCESSOR_DEFINITIONS = (
					"DEBUG=1",
					"$(inherited)",
				);
				GCC_WARN_64_TO_32_BIT_CONVERSION = YES;
				GCC_WARN_ABOUT_RETURN_TYPE = YES_ERROR;
				GCC_WARN_UNDECLARED_SELECTOR = YES;
				GCC_WARN_UNINITIALIZED_AUTOS = YES_AGGRESSIVE;
				GCC_WARN_UNUSED_FUNCTION = YES;
				GCC_WARN_UNUSED_VARIABLE = YES;
				IPHONEOS_DEPLOYMENT_TARGET = 16.1;
				MTL_ENABLE_DEBUG_INFO = INCLUDE_SOURCE;
				MTL_FAST_MATH = YES;
				ONLY_ACTIVE_ARCH = YES;
				SDKROOT = iphoneos;
				SWIFT_ACTIVE_COMPILATION_CONDITIONS = DEBUG;
				SWIFT_OPTIMIZATION_LEVEL = "-Onone";
			};
			name = Debug;
		};
		E0ADA72A2975BD3C0084DD24 /* Release */ = {
			isa = XCBuildConfiguration;
			buildSettings = {
				ALWAYS_SEARCH_USER_PATHS = NO;
				CLANG_ANALYZER_NONNULL = YES;
				CLANG_ANALYZER_NUMBER_OBJECT_CONVERSION = YES_AGGRESSIVE;
				CLANG_CXX_LANGUAGE_STANDARD = "gnu++20";
				CLANG_ENABLE_MODULES = YES;
				CLANG_ENABLE_OBJC_ARC = YES;
				CLANG_ENABLE_OBJC_WEAK = YES;
				CLANG_WARN_BLOCK_CAPTURE_AUTORELEASING = YES;
				CLANG_WARN_BOOL_CONVERSION = YES;
				CLANG_WARN_COMMA = YES;
				CLANG_WARN_CONSTANT_CONVERSION = YES;
				CLANG_WARN_DEPRECATED_OBJC_IMPLEMENTATIONS = YES;
				CLANG_WARN_DIRECT_OBJC_ISA_USAGE = YES_ERROR;
				CLANG_WARN_DOCUMENTATION_COMMENTS = YES;
				CLANG_WARN_EMPTY_BODY = YES;
				CLANG_WARN_ENUM_CONVERSION = YES;
				CLANG_WARN_INFINITE_RECURSION = YES;
				CLANG_WARN_INT_CONVERSION = YES;
				CLANG_WARN_NON_LITERAL_NULL_CONVERSION = YES;
				CLANG_WARN_OBJC_IMPLICIT_RETAIN_SELF = YES;
				CLANG_WARN_OBJC_LITERAL_CONVERSION = YES;
				CLANG_WARN_OBJC_ROOT_CLASS = YES_ERROR;
				CLANG_WARN_QUOTED_INCLUDE_IN_FRAMEWORK_HEADER = YES;
				CLANG_WARN_RANGE_LOOP_ANALYSIS = YES;
				CLANG_WARN_STRICT_PROTOTYPES = YES;
				CLANG_WARN_SUSPICIOUS_MOVE = YES;
				CLANG_WARN_UNGUARDED_AVAILABILITY = YES_AGGRESSIVE;
				CLANG_WARN_UNREACHABLE_CODE = YES;
				CLANG_WARN__DUPLICATE_METHOD_MATCH = YES;
				COPY_PHASE_STRIP = NO;
				DEBUG_INFORMATION_FORMAT = "dwarf-with-dsym";
				ENABLE_NS_ASSERTIONS = NO;
				ENABLE_STRICT_OBJC_MSGSEND = YES;
				GCC_C_LANGUAGE_STANDARD = gnu11;
				GCC_NO_COMMON_BLOCKS = YES;
				GCC_WARN_64_TO_32_BIT_CONVERSION = YES;
				GCC_WARN_ABOUT_RETURN_TYPE = YES_ERROR;
				GCC_WARN_UNDECLARED_SELECTOR = YES;
				GCC_WARN_UNINITIALIZED_AUTOS = YES_AGGRESSIVE;
				GCC_WARN_UNUSED_FUNCTION = YES;
				GCC_WARN_UNUSED_VARIABLE = YES;
				IPHONEOS_DEPLOYMENT_TARGET = 16.1;
				MTL_ENABLE_DEBUG_INFO = NO;
				MTL_FAST_MATH = YES;
				SDKROOT = iphoneos;
				SWIFT_COMPILATION_MODE = wholemodule;
				SWIFT_OPTIMIZATION_LEVEL = "-O";
				VALIDATE_PRODUCT = YES;
			};
			name = Release;
		};
		E0ADA72C2975BD3C0084DD24 /* Debug */ = {
			isa = XCBuildConfiguration;
			buildSettings = {
				ASSETCATALOG_COMPILER_APPICON_NAME = AppIcon;
				ASSETCATALOG_COMPILER_GLOBAL_ACCENT_COLOR_NAME = AccentColor;
				CODE_SIGN_STYLE = Automatic;
				CURRENT_PROJECT_VERSION = 1;
				DEVELOPMENT_ASSET_PATHS = "\"PaintTheRoses/Preview Content\"";
				DEVELOPMENT_TEAM = NNZP58UQQ9;
				ENABLE_PREVIEWS = YES;
				GENERATE_INFOPLIST_FILE = YES;
				INFOPLIST_KEY_UIApplicationSceneManifest_Generation = YES;
				INFOPLIST_KEY_UIApplicationSupportsIndirectInputEvents = YES;
				INFOPLIST_KEY_UILaunchScreen_Generation = YES;
				INFOPLIST_KEY_UISupportedInterfaceOrientations_iPad = "UIInterfaceOrientationPortrait UIInterfaceOrientationPortraitUpsideDown UIInterfaceOrientationLandscapeLeft UIInterfaceOrientationLandscapeRight";
				INFOPLIST_KEY_UISupportedInterfaceOrientations_iPhone = "UIInterfaceOrientationPortrait UIInterfaceOrientationLandscapeLeft UIInterfaceOrientationLandscapeRight";
				LD_RUNPATH_SEARCH_PATHS = (
					"$(inherited)",
					"@executable_path/Frameworks",
				);
				MARKETING_VERSION = 1.0;
				PRODUCT_BUNDLE_IDENTIFIER = com.test.PaintTheRoses;
				PRODUCT_NAME = "$(TARGET_NAME)";
				SWIFT_EMIT_LOC_STRINGS = YES;
				SWIFT_VERSION = 5.0;
				TARGETED_DEVICE_FAMILY = "1,2";
			};
			name = Debug;
		};
		E0ADA72D2975BD3C0084DD24 /* Release */ = {
			isa = XCBuildConfiguration;
			buildSettings = {
				ASSETCATALOG_COMPILER_APPICON_NAME = AppIcon;
				ASSETCATALOG_COMPILER_GLOBAL_ACCENT_COLOR_NAME = AccentColor;
				CODE_SIGN_STYLE = Automatic;
				CURRENT_PROJECT_VERSION = 1;
				DEVELOPMENT_ASSET_PATHS = "\"PaintTheRoses/Preview Content\"";
				DEVELOPMENT_TEAM = NNZP58UQQ9;
				ENABLE_PREVIEWS = YES;
				GENERATE_INFOPLIST_FILE = YES;
				INFOPLIST_KEY_UIApplicationSceneManifest_Generation = YES;
				INFOPLIST_KEY_UIApplicationSupportsIndirectInputEvents = YES;
				INFOPLIST_KEY_UILaunchScreen_Generation = YES;
				INFOPLIST_KEY_UISupportedInterfaceOrientations_iPad = "UIInterfaceOrientationPortrait UIInterfaceOrientationPortraitUpsideDown UIInterfaceOrientationLandscapeLeft UIInterfaceOrientationLandscapeRight";
				INFOPLIST_KEY_UISupportedInterfaceOrientations_iPhone = "UIInterfaceOrientationPortrait UIInterfaceOrientationLandscapeLeft UIInterfaceOrientationLandscapeRight";
				LD_RUNPATH_SEARCH_PATHS = (
					"$(inherited)",
					"@executable_path/Frameworks",
				);
				MARKETING_VERSION = 1.0;
				PRODUCT_BUNDLE_IDENTIFIER = com.test.PaintTheRoses;
				PRODUCT_NAME = "$(TARGET_NAME)";
				SWIFT_EMIT_LOC_STRINGS = YES;
				SWIFT_VERSION = 5.0;
				TARGETED_DEVICE_FAMILY = "1,2";
			};
			name = Release;
		};
/* End XCBuildConfiguration section */

/* Begin XCConfigurationList section */
		E0ADA7182975BD3C0084DD24 /* Build configuration list for PBXProject "PaintTheRoses" */ = {
			isa = XCConfigurationList;
			buildConfigurations = (
				E0ADA7292975BD3C0084DD24 /* Debug */,
				E0ADA72A2975BD3C0084DD24 /* Release */,
			);
			defaultConfigurationIsVisible = 0;
			defaultConfigurationName = Release;
		};
		E0ADA72B2975BD3C0084DD24 /* Build configuration list for PBXNativeTarget "PaintTheRoses" */ = {
			isa = XCConfigurationList;
			buildConfigurations = (
				E0ADA72C2975BD3C0084DD24 /* Debug */,
				E0ADA72D2975BD3C0084DD24 /* Release */,
			);
			defaultConfigurationIsVisible = 0;
			defaultConfigurationName = Release;
		};
/* End XCConfigurationList section */
	};
	rootObject = E0ADA7152975BD3C0084DD24 /* Project object */;
}
